{
  "name": "appraise",
  "version": "0.0.13",
  "dependencies": {
    "@types/node": {
      "version": "6.0.85",
      "from": "@types/node@>=6.0.46 <7.0.0",
      "resolved": "https://registry.npmjs.org/@types/node/-/node-6.0.85.tgz"
    },
    "agent-base": {
      "version": "4.1.1",
      "from": "agent-base@>=4.1.0 <5.0.0",
      "resolved": "https://registry.npmjs.org/agent-base/-/agent-base-4.1.1.tgz"
    },
    "align-text": {
      "version": "0.1.4",
      "from": "align-text@>=0.1.3 <0.2.0",
      "resolved": "https://registry.npmjs.org/align-text/-/align-text-0.1.4.tgz"
    },
    "amdefine": {
      "version": "1.0.1",
      "from": "amdefine@>=0.0.4",
      "resolved": "https://registry.npmjs.org/amdefine/-/amdefine-1.0.1.tgz"
    },
    "argparse": {
      "version": "1.0.9",
      "from": "argparse@>=1.0.7 <2.0.0",
      "resolved": "https://registry.npmjs.org/argparse/-/argparse-1.0.9.tgz"
    },
    "async": {
      "version": "1.5.2",
      "from": "async@>=1.4.0 <2.0.0",
      "resolved": "https://registry.npmjs.org/async/-/async-1.5.2.tgz"
    },
    "async-limiter": {
      "version": "1.0.0",
      "from": "async-limiter@>=1.0.0 <1.1.0",
      "resolved": "https://registry.npmjs.org/async-limiter/-/async-limiter-1.0.0.tgz"
    },
    "balanced-match": {
      "version": "1.0.0",
      "from": "balanced-match@>=1.0.0 <2.0.0",
      "resolved": "https://registry.npmjs.org/balanced-match/-/balanced-match-1.0.0.tgz"
    },
    "boolbase": {
      "version": "1.0.0",
      "from": "boolbase@>=1.0.0 <1.1.0",
      "resolved": "https://registry.npmjs.org/boolbase/-/boolbase-1.0.0.tgz"
    },
    "brace-expansion": {
      "version": "1.1.8",
      "from": "brace-expansion@>=1.1.7 <2.0.0",
      "resolved": "https://registry.npmjs.org/brace-expansion/-/brace-expansion-1.1.8.tgz"
    },
    "camelcase": {
      "version": "1.2.1",
      "from": "camelcase@>=1.0.2 <2.0.0",
      "resolved": "https://registry.npmjs.org/camelcase/-/camelcase-1.2.1.tgz",
      "optional": true
    },
    "center-align": {
      "version": "0.1.3",
      "from": "center-align@>=0.1.1 <0.2.0",
      "resolved": "https://registry.npmjs.org/center-align/-/center-align-0.1.3.tgz",
      "optional": true
    },
    "cheerio": {
      "version": "1.0.0-rc.2",
      "from": "cheerio@>=1.0.0-rc.2 <2.0.0",
      "resolved": "https://registry.npmjs.org/cheerio/-/cheerio-1.0.0-rc.2.tgz"
    },
    "cliui": {
      "version": "2.1.0",
      "from": "cliui@>=2.1.0 <3.0.0",
      "resolved": "https://registry.npmjs.org/cliui/-/cliui-2.1.0.tgz",
      "optional": true,
      "dependencies": {
        "wordwrap": {
          "version": "0.0.2",
          "from": "wordwrap@0.0.2",
          "resolved": "https://registry.npmjs.org/wordwrap/-/wordwrap-0.0.2.tgz",
          "optional": true
        }
      }
    },
    "concat-map": {
      "version": "0.0.1",
      "from": "concat-map@0.0.1",
      "resolved": "https://registry.npmjs.org/concat-map/-/concat-map-0.0.1.tgz"
    },
    "concat-stream": {
      "version": "1.6.0",
      "from": "concat-stream@>=1.6.0 <2.0.0",
      "resolved": "https://registry.npmjs.org/concat-stream/-/concat-stream-1.6.0.tgz"
    },
    "core-util-is": {
      "version": "1.0.2",
      "from": "core-util-is@>=1.0.0 <1.1.0",
      "resolved": "https://registry.npmjs.org/core-util-is/-/core-util-is-1.0.2.tgz"
    },
    "css-select": {
      "version": "1.2.0",
      "from": "css-select@>=1.2.0 <1.3.0",
      "resolved": "https://registry.npmjs.org/css-select/-/css-select-1.2.0.tgz"
    },
    "css-what": {
      "version": "2.1.0",
      "from": "css-what@>=2.1.0 <2.2.0",
      "resolved": "https://registry.npmjs.org/css-what/-/css-what-2.1.0.tgz"
    },
    "debug": {
      "version": "2.6.8",
      "from": "debug@>=2.6.8 <3.0.0",
      "resolved": "https://registry.npmjs.org/debug/-/debug-2.6.8.tgz"
    },
    "decamelize": {
      "version": "1.2.0",
      "from": "decamelize@>=1.0.0 <2.0.0",
      "resolved": "https://registry.npmjs.org/decamelize/-/decamelize-1.2.0.tgz",
      "optional": true
    },
    "dom-serializer": {
      "version": "0.1.0",
      "from": "dom-serializer@>=0.1.0 <0.2.0",
      "resolved": "https://registry.npmjs.org/dom-serializer/-/dom-serializer-0.1.0.tgz",
      "dependencies": {
        "domelementtype": {
          "version": "1.1.3",
          "from": "domelementtype@>=1.1.1 <1.2.0",
          "resolved": "https://registry.npmjs.org/domelementtype/-/domelementtype-1.1.3.tgz"
        }
      }
    },
    "domelementtype": {
      "version": "1.3.0",
      "from": "domelementtype@>=1.0.0 <2.0.0",
      "resolved": "https://registry.npmjs.org/domelementtype/-/domelementtype-1.3.0.tgz"
    },
    "domhandler": {
      "version": "2.4.1",
      "from": "domhandler@>=2.3.0 <3.0.0",
      "resolved": "https://registry.npmjs.org/domhandler/-/domhandler-2.4.1.tgz"
    },
    "domutils": {
      "version": "1.5.1",
      "from": "domutils@1.5.1",
      "resolved": "https://registry.npmjs.org/domutils/-/domutils-1.5.1.tgz"
    },
    "entities": {
      "version": "1.1.1",
      "from": "entities@>=1.1.1 <1.2.0",
      "resolved": "https://registry.npmjs.org/entities/-/entities-1.1.1.tgz"
    },
    "es6-promise": {
      "version": "4.1.1",
      "from": "es6-promise@>=4.0.3 <5.0.0",
      "resolved": "https://registry.npmjs.org/es6-promise/-/es6-promise-4.1.1.tgz"
    },
    "es6-promisify": {
      "version": "5.0.0",
      "from": "es6-promisify@>=5.0.0 <6.0.0",
      "resolved": "https://registry.npmjs.org/es6-promisify/-/es6-promisify-5.0.0.tgz"
    },
    "esprima": {
      "version": "4.0.0",
      "from": "esprima@>=4.0.0 <5.0.0",
      "resolved": "https://registry.npmjs.org/esprima/-/esprima-4.0.0.tgz"
    },
    "extract-zip": {
      "version": "1.6.5",
      "from": "extract-zip@>=1.6.5 <2.0.0",
      "resolved": "https://registry.npmjs.org/extract-zip/-/extract-zip-1.6.5.tgz",
      "dependencies": {
        "debug": {
          "version": "2.2.0",
          "from": "debug@2.2.0",
          "resolved": "https://registry.npmjs.org/debug/-/debug-2.2.0.tgz"
        },
        "mkdirp": {
          "version": "0.5.0",
          "from": "mkdirp@0.5.0",
          "resolved": "https://registry.npmjs.org/mkdirp/-/mkdirp-0.5.0.tgz"
        },
        "ms": {
          "version": "0.7.1",
          "from": "ms@0.7.1",
          "resolved": "https://registry.npmjs.org/ms/-/ms-0.7.1.tgz"
        }
      }
    },
    "fd-slicer": {
      "version": "1.0.1",
      "from": "fd-slicer@>=1.0.1 <1.1.0",
      "resolved": "https://registry.npmjs.org/fd-slicer/-/fd-slicer-1.0.1.tgz"
    },
    "fs.realpath": {
      "version": "1.0.0",
      "from": "fs.realpath@>=1.0.0 <2.0.0",
      "resolved": "https://registry.npmjs.org/fs.realpath/-/fs.realpath-1.0.0.tgz"
    },
    "glob": {
      "version": "7.1.2",
      "from": "glob@>=7.0.5 <8.0.0",
      "resolved": "https://registry.npmjs.org/glob/-/glob-7.1.2.tgz"
    },
    "handlebars": {
      "version": "4.0.10",
      "from": "handlebars@>=4.0.10 <5.0.0",
      "resolved": "https://registry.npmjs.org/handlebars/-/handlebars-4.0.10.tgz"
    },
    "htmlparser2": {
      "version": "3.9.2",
      "from": "htmlparser2@>=3.9.1 <4.0.0",
      "resolved": "https://registry.npmjs.org/htmlparser2/-/htmlparser2-3.9.2.tgz"
    },
    "https-proxy-agent": {
      "version": "2.1.0",
      "from": "https-proxy-agent@>=2.1.0 <3.0.0",
      "resolved": "https://registry.npmjs.org/https-proxy-agent/-/https-proxy-agent-2.1.0.tgz"
    },
    "inflight": {
      "version": "1.0.6",
      "from": "inflight@>=1.0.4 <2.0.0",
      "resolved": "https://registry.npmjs.org/inflight/-/inflight-1.0.6.tgz"
    },
    "inherits": {
      "version": "2.0.3",
      "from": "inherits@>=2.0.1 <3.0.0",
      "resolved": "https://registry.npmjs.org/inherits/-/inherits-2.0.3.tgz"
    },
    "is-buffer": {
      "version": "1.1.5",
      "from": "is-buffer@>=1.1.5 <2.0.0",
      "resolved": "https://registry.npmjs.org/is-buffer/-/is-buffer-1.1.5.tgz"
    },
    "isarray": {
      "version": "1.0.0",
      "from": "isarray@>=1.0.0 <1.1.0",
      "resolved": "https://registry.npmjs.org/isarray/-/isarray-1.0.0.tgz"
    },
    "js-yaml": {
      "version": "3.9.1",
      "from": "js-yaml@>=3.9.0 <4.0.0",
      "resolved": "https://registry.npmjs.org/js-yaml/-/js-yaml-3.9.1.tgz"
    },
    "kind-of": {
      "version": "3.2.2",
      "from": "kind-of@>=3.0.2 <4.0.0",
      "resolved": "https://registry.npmjs.org/kind-of/-/kind-of-3.2.2.tgz"
    },
    "lazy-cache": {
      "version": "1.0.4",
      "from": "lazy-cache@>=1.0.3 <2.0.0",
      "resolved": "https://registry.npmjs.org/lazy-cache/-/lazy-cache-1.0.4.tgz",
      "optional": true
    },
    "linkify-it": {
      "version": "2.0.3",
      "from": "linkify-it@>=2.0.0 <3.0.0",
      "resolved": "https://registry.npmjs.org/linkify-it/-/linkify-it-2.0.3.tgz"
    },
    "lodash": {
      "version": "4.17.4",
      "from": "lodash@>=4.15.0 <5.0.0",
      "resolved": "https://registry.npmjs.org/lodash/-/lodash-4.17.4.tgz"
    },
    "longest": {
      "version": "1.0.1",
      "from": "longest@>=1.0.1 <2.0.0",
      "resolved": "https://registry.npmjs.org/longest/-/longest-1.0.1.tgz"
    },
    "markdown-it": {
      "version": "8.3.2",
      "from": "markdown-it@>=8.3.1 <9.0.0",
      "resolved": "https://registry.npmjs.org/markdown-it/-/markdown-it-8.3.2.tgz"
    },
    "markdown-it-github-preamble": {
      "version": "1.0.0",
      "from": "markdown-it-github-preamble@>=1.0.0 <2.0.0",
      "resolved": "https://registry.npmjs.org/markdown-it-github-preamble/-/markdown-it-github-preamble-1.0.0.tgz"
    },
    "mdurl": {
      "version": "1.0.1",
      "from": "mdurl@>=1.0.1 <2.0.0",
      "resolved": "https://registry.npmjs.org/mdurl/-/mdurl-1.0.1.tgz"
    },
    "mime": {
      "version": "1.4.0",
      "from": "mime@>=1.3.4 <2.0.0",
      "resolved": "https://registry.npmjs.org/mime/-/mime-1.4.0.tgz"
    },
    "minimatch": {
      "version": "3.0.4",
      "from": "minimatch@>=3.0.4 <4.0.0",
      "resolved": "https://registry.npmjs.org/minimatch/-/minimatch-3.0.4.tgz"
    },
    "minimist": {
      "version": "0.0.8",
      "from": "minimist@0.0.8",
      "resolved": "https://registry.npmjs.org/minimist/-/minimist-0.0.8.tgz"
    },
    "ms": {
      "version": "2.0.0",
      "from": "ms@2.0.0",
      "resolved": "https://registry.npmjs.org/ms/-/ms-2.0.0.tgz"
    },
    "nth-check": {
      "version": "1.0.1",
      "from": "nth-check@>=1.0.1 <1.1.0",
      "resolved": "https://registry.npmjs.org/nth-check/-/nth-check-1.0.1.tgz"
    },
    "once": {
      "version": "1.4.0",
      "from": "once@>=1.3.0 <2.0.0",
      "resolved": "https://registry.npmjs.org/once/-/once-1.4.0.tgz"
    },
    "optimist": {
      "version": "0.6.1",
      "from": "optimist@>=0.6.1 <0.7.0",
      "resolved": "https://registry.npmjs.org/optimist/-/optimist-0.6.1.tgz"
    },
    "parse5": {
      "version": "3.0.2",
      "from": "parse5@>=3.0.1 <4.0.0",
      "resolved": "https://registry.npmjs.org/parse5/-/parse5-3.0.2.tgz"
    },
    "path-is-absolute": {
      "version": "1.0.1",
      "from": "path-is-absolute@>=1.0.0 <2.0.0",
      "resolved": "https://registry.npmjs.org/path-is-absolute/-/path-is-absolute-1.0.1.tgz"
    },
    "pend": {
      "version": "1.2.0",
      "from": "pend@>=1.2.0 <1.3.0",
      "resolved": "https://registry.npmjs.org/pend/-/pend-1.2.0.tgz"
    },
    "pixelmatch": {
      "version": "4.0.2",
      "from": "pixelmatch@>=4.0.2 <5.0.0",
      "resolved": "https://registry.npmjs.org/pixelmatch/-/pixelmatch-4.0.2.tgz"
    },
    "pngjs": {
      "version": "3.3.0",
      "from": "pngjs@>=3.2.0 <4.0.0",
      "resolved": "https://registry.npmjs.org/pngjs/-/pngjs-3.3.0.tgz"
    },
    "process-nextick-args": {
      "version": "1.0.7",
      "from": "process-nextick-args@>=1.0.6 <1.1.0",
      "resolved": "https://registry.npmjs.org/process-nextick-args/-/process-nextick-args-1.0.7.tgz"
    },
    "progress": {
      "version": "2.0.0",
      "from": "progress@>=2.0.0 <3.0.0",
      "resolved": "https://registry.npmjs.org/progress/-/progress-2.0.0.tgz"
    },
    "proxy-from-env": {
      "version": "1.0.0",
      "from": "proxy-from-env@>=1.0.0 <2.0.0",
      "resolved": "https://registry.npmjs.org/proxy-from-env/-/proxy-from-env-1.0.0.tgz"
    },
    "puppeteer": {
      "version": "0.10.2",
      "from": "puppeteer@latest",
      "resolved": "https://registry.npmjs.org/puppeteer/-/puppeteer-0.10.2.tgz",
      "dependencies": {
        "ws": {
          "version": "3.2.0",
          "from": "ws@>=3.0.0 <4.0.0",
          "resolved": "https://registry.npmjs.org/ws/-/ws-3.2.0.tgz"
        }
      }
    },
    "readable-stream": {
      "version": "2.3.3",
      "from": "readable-stream@>=2.0.2 <3.0.0",
      "resolved": "https://registry.npmjs.org/readable-stream/-/readable-stream-2.3.3.tgz"
    },
    "repeat-string": {
      "version": "1.6.1",
      "from": "repeat-string@>=1.5.2 <2.0.0",
      "resolved": "https://registry.npmjs.org/repeat-string/-/repeat-string-1.6.1.tgz"
    },
    "right-align": {
      "version": "0.1.3",
      "from": "right-align@>=0.1.1 <0.2.0",
      "resolved": "https://registry.npmjs.org/right-align/-/right-align-0.1.3.tgz",
      "optional": true
    },
    "rimraf": {
      "version": "2.6.1",
      "from": "rimraf@>=2.6.1 <3.0.0",
      "resolved": "https://registry.npmjs.org/rimraf/-/rimraf-2.6.1.tgz"
    },
    "safe-buffer": {
      "version": "5.1.1",
      "from": "safe-buffer@>=5.1.1 <5.2.0",
      "resolved": "https://registry.npmjs.org/safe-buffer/-/safe-buffer-5.1.1.tgz"
    },
    "sanitize-filename": {
      "version": "1.6.1",
      "from": "sanitize-filename@>=1.6.1 <2.0.0",
      "resolved": "https://registry.npmjs.org/sanitize-filename/-/sanitize-filename-1.6.1.tgz"
    },
    "sequential-promise-map": {
      "version": "1.0.4",
      "from": "sequential-promise-map@>=1.0.4 <2.0.0",
      "resolved": "https://registry.npmjs.org/sequential-promise-map/-/sequential-promise-map-1.0.4.tgz"
    },
    "shelljs": {
      "version": "0.5.3",
      "from": "shelljs@>=0.5.3 <0.6.0",
      "resolved": "https://registry.npmjs.org/shelljs/-/shelljs-0.5.3.tgz"
    },
    "source-map": {
      "version": "0.4.4",
      "from": "source-map@>=0.4.4 <0.5.0",
      "resolved": "https://registry.npmjs.org/source-map/-/source-map-0.4.4.tgz"
    },
    "sprintf-js": {
      "version": "1.0.3",
      "from": "sprintf-js@>=1.0.2 <1.1.0",
      "resolved": "https://registry.npmjs.org/sprintf-js/-/sprintf-js-1.0.3.tgz"
    },
    "string_decoder": {
      "version": "1.0.3",
      "from": "string_decoder@>=1.0.3 <1.1.0",
      "resolved": "https://registry.npmjs.org/string_decoder/-/string_decoder-1.0.3.tgz"
    },
    "truncate-utf8-bytes": {
      "version": "1.0.2",
      "from": "truncate-utf8-bytes@>=1.0.0 <2.0.0",
      "resolved": "https://registry.npmjs.org/truncate-utf8-bytes/-/truncate-utf8-bytes-1.0.2.tgz"
    },
    "typedarray": {
      "version": "0.0.6",
      "from": "typedarray@>=0.0.6 <0.0.7",
      "resolved": "https://registry.npmjs.org/typedarray/-/typedarray-0.0.6.tgz"
    },
    "uc.micro": {
      "version": "1.0.3",
      "from": "uc.micro@>=1.0.3 <2.0.0",
      "resolved": "https://registry.npmjs.org/uc.micro/-/uc.micro-1.0.3.tgz"
    },
    "uglify-js": {
      "version": "2.8.29",
      "from": "uglify-js@>=2.6.0 <3.0.0",
      "resolved": "https://registry.npmjs.org/uglify-js/-/uglify-js-2.8.29.tgz",
      "optional": true,
      "dependencies": {
        "source-map": {
          "version": "0.5.6",
          "from": "source-map@>=0.5.1 <0.6.0",
          "resolved": "https://registry.npmjs.org/source-map/-/source-map-0.5.6.tgz",
          "optional": true
        }
      }
    },
    "uglify-to-browserify": {
      "version": "1.0.2",
      "from": "uglify-to-browserify@>=1.0.0 <1.1.0",
      "resolved": "https://registry.npmjs.org/uglify-to-browserify/-/uglify-to-browserify-1.0.2.tgz",
      "optional": true
    },
    "ultron": {
      "version": "1.1.0",
      "from": "ultron@>=1.1.0 <1.2.0",
      "resolved": "https://registry.npmjs.org/ultron/-/ultron-1.1.0.tgz"
    },
    "utf8-byte-length": {
      "version": "1.0.4",
      "from": "utf8-byte-length@>=1.0.1 <2.0.0",
      "resolved": "https://registry.npmjs.org/utf8-byte-length/-/utf8-byte-length-1.0.4.tgz"
    },
    "util-deprecate": {
      "version": "1.0.2",
      "from": "util-deprecate@>=1.0.1 <1.1.0",
      "resolved": "https://registry.npmjs.org/util-deprecate/-/util-deprecate-1.0.2.tgz"
    },
    "uuid": {
      "version": "3.1.0",
      "from": "uuid@>=3.1.0 <4.0.0",
      "resolved": "https://registry.npmjs.org/uuid/-/uuid-3.1.0.tgz"
    },
    "window-size": {
      "version": "0.1.0",
      "from": "window-size@0.1.0",
      "resolved": "https://registry.npmjs.org/window-size/-/window-size-0.1.0.tgz",
      "optional": true
    },
    "wordwrap": {
      "version": "0.0.3",
      "from": "wordwrap@>=0.0.2 <0.1.0",
      "resolved": "https://registry.npmjs.org/wordwrap/-/wordwrap-0.0.3.tgz"
    },
    "wrappy": {
      "version": "1.0.2",
      "from": "wrappy@>=1.0.0 <2.0.0",
      "resolved": "https://registry.npmjs.org/wrappy/-/wrappy-1.0.2.tgz"
    },
    "yargs": {
      "version": "3.10.0",
      "from": "yargs@>=3.10.0 <3.11.0",
      "resolved": "https://registry.npmjs.org/yargs/-/yargs-3.10.0.tgz",
      "optional": true
    },
    "yauzl": {
      "version": "2.4.1",
      "from": "yauzl@2.4.1",
      "resolved": "https://registry.npmjs.org/yauzl/-/yauzl-2.4.1.tgz"
    }
  }
}
